github.com/anthropics/anthropic-sdk-go v1.37.0 h1:yBKUaBG3TCRb6das/Q5qNB9Fsafon09gu2yYVgvapKE=
github.com/anthropics/anthropic-sdk-go v1.37.0/go.mod h1:dSIO7kSrOI7MA4fE6RRVaw8tyWP7HNQU5/H/KS4cax8=
github.com/bahlo/generic-list-go v0.2.0 h1:5sz/EEAK+ls5wF+NeqDpk5+iNdMDXrh3z3nPnH1Wvgk=
github.com/bahlo/generic-list-go v0.2.0/go.mod h1:2KvAjgMlE5NNynlg/5iLrrCCZ2+5xWbdbCW3pNTGyYg=
github.com/buger/jsonparser v1.1.2 h1:frqHqw7otoVbk5M8LlE/L7HTnIq2v9RX6EJ48i9AxJk=
github.com/buger/jsonparser v1.1.2/go.mod h1:6RYKKt7H4d4+iWqouImQ9R2FZql3VbhNgx27UK13J/0=
github.com/cespare/xxhash/v2 v2.3.0 h1:UL815xU9SqsFlibzuggzjXhog7bL6oX9BbNZnL2UFvs=
github.com/cespare/xxhash/v2 v2.3.0/go.mod h1:VGX0DQ3Q6kWi7AoAeZDth3/j3BFtOZR5XLFGgcrjCOs=
github.com/davecgh/go-spew v1.1.1 h1:vj9j/u1bqnvCEfJOwUhtlOARqs3+rkHYY13jYWTU97c=
github.com/davecgh/go-spew v1.1.1/go.mod h1:J7Y8YcW2NihsgmVo/mv3lAwl/skON4iLHjSsI+c5H38=
github.com/dnaeon/go-vcr v1.2.0 h1:zHCHvJYTMh1N7xnV7zf1m1GPBF9Ad0Jk/whtQ1663qI=
github.com/dnaeon/go-vcr v1.2.0/go.mod h1:R4UdLID7HZT3taECzJs4YgbbH6PIGXB6W/sc5OLb6RQ=
github.com/go-logr/logr v1.4.3 h1:CjnDlHq8ikf6E492q6eKboGOC0T8CDaOvkHCIg8idEI=
github.com/go-logr/logr v1.4.3/go.mod h1:9T104GzyrTigFIr8wt5mBrctHMim0Nb2HLGrmQ40KvY=
github.com/go-logr/stdr v1.2.2 h1:hSWxHoqTgW2S2qGc0LTAI563KZ5YKYRhT3MFKZMbjag=
github.com/go-logr/stdr v1.2.2/go.mod h1:mMo/vtBO5dYbehREoey6XUKy/eSumjCCveDpRre4VKE=
github.com/golang/protobuf v1.5.4 h1:i7eJL8qZTpSEXOPTxNKhASYpMn+8e5Q6AdndVa1dWek=
github.com/golang/protobuf v1.5.4/go.mod h1:lnTiLA8Wa4RWRcIUkrtSVa5nRhsEGBg48fD6rSs7xps=
github.com/google/go-cmp v0.7.0 h1:wk8382ETsv4JYUZwIsn6YpYiWiBsYLSJiTsyBybVuN8=
github.com/google/go-cmp v0.7.0/go.mod h1:pXiqmnSA92OHEEa9HXL2W4E7lf9JzCmGVUdgjX3N/iU=
github.com/google/uuid v1.6.0 h1:NIvaJDMOsjHA8n1jAhLSgzrAzy1Hgr+hNrb57e+94F0=
github.com/google/uuid v1.6.0/go.mod h1:TIyPZe4MgqvfeYDBFedMoGGpEw/LqOeaOT+nhxU+yHo=
github.com/josharian/intern v1.0.0/go.mod h1:5DoeVV0s6jJacbCEi61lwdGj/aVlrQvzHFFd8Hwg//Y=
github.com/mailru/easyjson v0.7.7 h1:UGYAvKxe3sBsEDzO8ZeWOSlIQfWFlxbzLZe7hwFURr0=
github.com/mailru/easyjson v0.7.7/go.mod h1:xzfreul335JAWq5oZzymOObrkdz5UnU4kGfJJLY9Nlc=
github.com/ollama/ollama v0.21.0 h1:UuKBADWouWz2+woQ4m5BrHV/aCCrHIE9JP67z88yuQM=
github.com/ollama/ollama v0.21.0/go.mod h1:274niu48upWz/M7vL53i1WFe+TJRRw5oo4GiacbIYrA=
github.com/pmezard/go-difflib v1.0.0 h1:4DBwDE0NGyQoBHbLQYPwSUPoCMWR5BEzIk/f1lZbAQM=
github.com/pmezard/go-difflib v1.0.0/go.mod h1:iKH77koFhYxTK1pcRnkKkqfTogsbg7gZNVY4sRDYZ/4=
github.com/sashabaranov/go-openai v1.41.2 h1:vfPRBZNMpnqu8ELsclWcAvF19lDNgh1t6TVfFFOPiSM=
github.com/sashabaranov/go-openai v1.41.2/go.mod h1:lj5b/K+zjTSFxVLijLSTDZuP7adOgerWeFyZLUhAKRg=
github.com/stretchr/testify v1.10.0 h1:Xv5erBjTwe/5IxqUQTdXv5kgmIvbHo3QQyRwhJsOfJA=
github.com/stretchr/testify v1.10.0/go.mod h1:r2ic/lqez/lEtzL7wO/rwa5dbSLXVDPFyf8C91i36aY=
github.com/tidwall/gjson v1.14.2/go.mod h1:/wbyibRr2FHMks5tjHJ5F8dMZh3AcwJEMf5vlfC0lxk=
github.com/tidwall/gjson v1.18.0 h1:FIDeeyB800efLX89e5a8Y0BNH+LOngJyGrIWxG2FKQY=
github.com/tidwall/gjson v1.18.0/go.mod h1:/wbyibRr2FHMks5tjHJ5F8dMZh3AcwJEMf5vlfC0lxk=
github.com/tidwall/match v1.1.1 h1:+Ho715JplO36QYgwN9PGYNhgZvoUSc9X2c80KVTi+GA=
github.com/tidwall/match v1.1.1/go.mod h1:eRSPERbgtNPcGhD8UCthc6PmLEQXEWd3PRB5JTxsfmM=
github.com/tidwall/pretty v1.2.0/go.mod h1:ITEVvHYasfjBbM0u2Pg8T2nJnzm8xPwvNhhsoaGGjNU=
github.com/tidwall/pretty v1.2.1 h1:qjsOFOWWQl+N3RsoF5/ssm1pHmJJwhjlSbZ51I6wMl4=
github.com/tidwall/pretty v1.2.1/go.mod h1:ITEVvHYasfjBbM0u2Pg8T2nJnzm8xPwvNhhsoaGGjNU=
github.com/tidwall/sjson v1.2.5 h1:kLy8mja+1c9jlljvWTlSazM7cKDRfJuR/bOJhcY5NcY=
github.com/tidwall/sjson v1.2.5/go.mod h1:Fvgq9kS/6ociJEDnK0Fk1cpYF4FIW6ZF7LAe+6jwd28=
github.com/vellankikoti/kotg-schema v1.0.1 h1:psFfs/aVGCf/9AxNQrHFRoOYNRg5sHpffYjgo0bpyKE=
github.com/vellankikoti/kotg-schema v1.0.1/go.mod h1:uEmHPaf/MqZqyXclILFAA5II7Yg9trqxFJm1bFhxMlM=
github.com/wk8/go-ordered-map/v2 v2.1.8 h1:5h/BUHu93oj4gIdvHHHGsScSTMijfx5PeYkE/fJgbpc=
github.com/wk8/go-ordered-map/v2 v2.1.8/go.mod h1:5nJHM5DyteebpVlHnWMV0rPz6Zp7+xBAnxjb1X5vnTw=
go.opentelemetry.io/auto/sdk v1.2.1 h1:jXsnJ4Lmnqd11kwkBV2LgLoFMZKizbCi5fNZ/ipaZ64=
go.opentelemetry.io/auto/sdk v1.2.1/go.mod h1:KRTj+aOaElaLi+wW1kO/DZRXwkF4C5xPbEe3ZiIhN7Y=
go.opentelemetry.io/otel v1.39.0 h1:8yPrr/S0ND9QEfTfdP9V+SiwT4E0G7Y5MO7p85nis48=
go.opentelemetry.io/otel v1.39.0/go.mod h1:kLlFTywNWrFyEdH0oj2xK0bFYZtHRYUdv1NklR/tgc8=
go.opentelemetry.io/otel/metric v1.39.0 h1:d1UzonvEZriVfpNKEVmHXbdf909uGTOQjA0HF0Ls5Q0=
go.opentelemetry.io/otel/metric v1.39.0/go.mod h1:jrZSWL33sD7bBxg1xjrqyDjnuzTUB0x1nBERXd7Ftcs=
go.opentelemetry.io/otel/sdk v1.39.0 h1:nMLYcjVsvdui1B/4FRkwjzoRVsMK8uL/cj0OyhKzt18=
go.opentelemetry.io/otel/sdk v1.39.0/go.mod h1:vDojkC4/jsTJsE+kh+LXYQlbL8CgrEcwmt1ENZszdJE=
go.opentelemetry.io/otel/sdk/metric v1.39.0 h1:cXMVVFVgsIf2YL6QkRF4Urbr/aMInf+2WKg+sEJTtB8=
go.opentelemetry.io/otel/sdk/metric v1.39.0/go.mod h1:xq9HEVH7qeX69/JnwEfp6fVq5wosJsY1mt4lLfYdVew=
go.opentelemetry.io/otel/trace v1.39.0 h1:2d2vfpEDmCJ5zVYz7ijaJdOF59xLomrvj7bjt6/qCJI=
go.opentelemetry.io/otel/trace v1.39.0/go.mod h1:88w4/PnZSazkGzz/w84VHpQafiU4EtqqlVdxWy+rNOA=
golang.org/x/crypto v0.47.0 h1:V6e3FRj+n4dbpw86FJ8Fv7XVOql7TEwpHapKoMJ/GO8=
golang.org/x/crypto v0.47.0/go.mod h1:ff3Y9VzzKbwSSEzWqJsJVBnWmRwRSHt/6Op5n9bQc4A=
golang.org/x/net v0.49.0 h1:eeHFmOGUTtaaPSGNmjBKpbng9MulQsJURQUAfUwY++o=
golang.org/x/net v0.49.0/go.mod h1:/ysNB2EvaqvesRkuLAyjI1ycPZlQHM3q01F02UY/MV8=
golang.org/x/sync v0.19.0 h1:vV+1eWNmZ5geRlYjzm2adRgW2/mcpevXNg50YZtPCE4=
golang.org/x/sync v0.19.0/go.mod h1:9KTHXmSnoGruLpwFjVSX0lNNA75CykiMECbovNTZqGI=
golang.org/x/sys v0.40.0 h1:DBZZqJ2Rkml6QMQsZywtnjnnGvHza6BTfYFWY9kjEWQ=
golang.org/x/sys v0.40.0/go.mod h1:OgkHotnGiDImocRcuBABYBEXf8A9a87e/uXjp9XT3ks=
golang.org/x/term v0.39.0 h1:RclSuaJf32jOqZz74CkPA9qFuVTX7vhLlpfj/IGWlqY=
golang.org/x/term v0.39.0/go.mod h1:yxzUCTP/U+FzoxfdKmLaA0RV1WgE0VY7hXBwKtY/4ww=
golang.org/x/text v0.33.0 h1:B3njUFyqtHDUI5jMn1YIr5B0IE2U0qck04r6d4KPAxE=
golang.org/x/text v0.33.0/go.mod h1:LuMebE6+rBincTi9+xWTY8TztLzKHc/9C1uBCG27+q8=
gonum.org/v1/gonum v0.17.0 h1:VbpOemQlsSMrYmn7T2OUvQ4dqxQXU+ouZFQsZOx50z4=
gonum.org/v1/gonum v0.17.0/go.mod h1:El3tOrEuMpv2UdMrbNlKEh9vd86bmQ6vqIcDwxEOc1E=
google.golang.org/genproto/googleapis/rpc v0.0.0-20260120221211-b8f7ae30c516 h1:sNrWoksmOyF5bvJUcnmbeAmQi8baNhqg5IWaI3llQqU=
google.golang.org/genproto/googleapis/rpc v0.0.0-20260120221211-b8f7ae30c516/go.mod h1:j9x/tPzZkyxcgEFkiKEEGxfvyumM01BEtsW8xzOahRQ=
google.golang.org/grpc v1.80.0 h1:Xr6m2WmWZLETvUNvIUmeD5OAagMw3FiKmMlTdViWsHM=
google.golang.org/grpc v1.80.0/go.mod h1:ho/dLnxwi3EDJA4Zghp7k2Ec1+c2jqup0bFkw07bwF4=
google.golang.org/protobuf v1.36.11 h1:fV6ZwhNocDyBLK0dj+fg8ektcVegBBuEolpbTQyBNVE=
google.golang.org/protobuf v1.36.11/go.mod h1:HTf+CrKn2C3g5S8VImy6tdcUvCska2kB7j23XfzDpco=
gopkg.in/check.v1 v0.0.0-20161208181325-20d25e280405 h1:yhCVgyC4o1eVCa2tZl7eS0r+SDo693bJlVdllGtEeKM=
gopkg.in/check.v1 v0.0.0-20161208181325-20d25e280405/go.mod h1:Co6ibVJAznAaIkqp8huTwlJQCZ016jof/cbN4VW5Yz0=
gopkg.in/yaml.v2 v2.2.8 h1:obN1ZagJSUGI0Ek/LBmuj4SNLPfIny3KsKFopxRdj10=
gopkg.in/yaml.v2 v2.2.8/go.mod h1:hI93XBmqTisBFMUTm0b8Fm+jr3Dg1NNxqwp+5A1VGuI=
gopkg.in/yaml.v3 v3.0.1 h1:fxVm/GzAzEWqLHuvctI91KS9hhNmmWOoWu0XTYJS7CA=
gopkg.in/yaml.v3 v3.0.1/go.mod h1:K4uyk7z7BCEPqu6E+C64Yfv1cQ7kz7rIZviUmN+EgEM=
